
Microsoft Visual Studio Solution File, Format Version 12.00
Project("{FAE04EC0-301F-11D3-BF4B-00C04F79EFBC}") = "StudyMate", "StudyMate\StudyMate.csproj", "{2D73837D-00E3-41F3-9B9B-75E67A9E9D72}"
EndProject
Global
	GlobalSection(SolutionConfigurationPlatforms) = preSolution
		Debug|Any CPU = Debug|Any CPU
		Release|Any CPU = Release|Any CPU
	EndGlobalSection
	GlobalSection(ProjectConfigurationPlatforms) = postSolution
		{2D73837D-00E3-41F3-9B9B-75E67A9E9D72}.Debug|Any CPU.ActiveCfg = Debug|Any CPU
		{2D73837D-00E3-41F3-9B9B-75E67A9E9D72}.Debug|Any CPU.Build.0 = Debug|Any CPU
		{2D73837D-00E3-41F3-9B9B-75E67A9E9D72}.Release|Any CPU.ActiveCfg = Release|Any CPU
		{2D73837D-00E3-41F3-9B9B-75E67A9E9D72}.Release|Any CPU.Build.0 = Release|Any CPU
	EndGlobalSection
EndGlobal
